
Microsoft Visual Studio Solution File, Format Version 12.00
# Visual Studio Version 17
VisualStudioVersion = 17.5.33424.131
MinimumVisualStudioVersion = 10.0.40219.1
Project("{8BC9CEB8-8B4A-11D0-8D11-00A0C91BC942}") = "Pointer", "Pointer\Pointer.vcxproj", "{2E0A677C-5F59-4FE2-9EF0-5E291AE2D6DA}"
EndProject
Project("{8BC9CEB8-8B4A-11D0-8D11-00A0C91BC942}") = "Pointer2", "Pointer2\Pointer2.vcxproj", "{4BC6E8C5-1A92-4C94-AE25-1137557A1896}"
EndProject
Project("{8BC9CEB8-8B4A-11D0-8D11-00A0C91BC942}") = "friendclass", "friendclass\friendclass.vcxproj", "{9DB58316-5251-4F46-ADAF-87B8CBEE087D}"
EndProject
Project("{8BC9CEB8-8B4A-11D0-8D11-00A0C91BC942}") = "friendclass2", "friendclass2\friendclass2.vcxproj", "{B5E8FEEA-B0EB-4BB6-973B-3BD3EF779985}"
EndProject
Project("{8BC9CEB8-8B4A-11D0-8D11-00A0C91BC942}") = "friendclass3", "friendclass3\friendclass3.vcxproj", "{9CC6024F-6DE7-4AE6-8B42-7EDFF09F27A9}"
EndProject
Global
	GlobalSection(SolutionConfigurationPlatforms) = preSolution
		Debug|x64 = Debug|x64
		Debug|x86 = Debug|x86
		Release|x64 = Release|x64
		Release|x86 = Release|x86
	EndGlobalSection
	GlobalSection(ProjectConfigurationPlatforms) = postSolution
		{2E0A677C-5F59-4FE2-9EF0-5E291AE2D6DA}.Debug|x64.ActiveCfg = Debug|x64
		{2E0A677C-5F59-4FE2-9EF0-5E291AE2D6DA}.Debug|x64.Build.0 = Debug|x64
		{2E0A677C-5F59-4FE2-9EF0-5E291AE2D6DA}.Debug|x86.ActiveCfg = Debug|Win32
		{2E0A677C-5F59-4FE2-9EF0-5E291AE2D6DA}.Debug|x86.Build.0 = Debug|Win32
		{2E0A677C-5F59-4FE2-9EF0-5E291AE2D6DA}.Release|x64.ActiveCfg = Release|x64
		{2E0A677C-5F59-4FE2-9EF0-5E291AE2D6DA}.Release|x64.Build.0 = Release|x64
		{2E0A677C-5F59-4FE2-9EF0-5E291AE2D6DA}.Release|x86.ActiveCfg = Release|Win32
		{2E0A677C-5F59-4FE2-9EF0-5E291AE2D6DA}.Release|x86.Build.0 = Release|Win32
		{4BC6E8C5-1A92-4C94-AE25-1137557A1896}.Debug|x64.ActiveCfg = Debug|x64
		{4BC6E8C5-1A92-4C94-AE25-1137557A1896}.Debug|x64.Build.0 = Debug|x64
		{4BC6E8C5-1A92-4C94-AE25-1137557A1896}.Debug|x86.ActiveCfg = Debug|Win32
		{4BC6E8C5-1A92-4C94-AE25-1137557A1896}.Debug|x86.Build.0 = Debug|Win32
		{4BC6E8C5-1A92-4C94-AE25-1137557A1896}.Release|x64.ActiveCfg = Release|x64
		{4BC6E8C5-1A92-4C94-AE25-1137557A1896}.Release|x64.Build.0 = Release|x64
		{4BC6E8C5-1A92-4C94-AE25-1137557A1896}.Release|x86.ActiveCfg = Release|Win32
		{4BC6E8C5-1A92-4C94-AE25-1137557A1896}.Release|x86.Build.0 = Release|Win32
		{9DB58316-5251-4F46-ADAF-87B8CBEE087D}.Debug|x64.ActiveCfg = Debug|x64
		{9DB58316-5251-4F46-ADAF-87B8CBEE087D}.Debug|x64.Build.0 = Debug|x64
		{9DB58316-5251-4F46-ADAF-87B8CBEE087D}.Debug|x86.ActiveCfg = Debug|Win32
		{9DB58316-5251-4F46-ADAF-87B8CBEE087D}.Debug|x86.Build.0 = Debug|Win32
		{9DB58316-5251-4F46-ADAF-87B8CBEE087D}.Release|x64.ActiveCfg = Release|x64
		{9DB58316-5251-4F46-ADAF-87B8CBEE087D}.Release|x64.Build.0 = Release|x64
		{9DB58316-5251-4F46-ADAF-87B8CBEE087D}.Release|x86.ActiveCfg = Release|Win32
		{9DB58316-5251-4F46-ADAF-87B8CBEE087D}.Release|x86.Build.0 = Release|Win32
		{B5E8FEEA-B0EB-4BB6-973B-3BD3EF779985}.Debug|x64.ActiveCfg = Debug|x64
		{B5E8FEEA-B0EB-4BB6-973B-3BD3EF779985}.Debug|x64.Build.0 = Debug|x64
		{B5E8FEEA-B0EB-4BB6-973B-3BD3EF779985}.Debug|x86.ActiveCfg = Debug|Win32
		{B5E8FEEA-B0EB-4BB6-973B-3BD3EF779985}.Debug|x86.Build.0 = Debug|Win32
		{B5E8FEEA-B0EB-4BB6-973B-3BD3EF779985}.Release|x64.ActiveCfg = Release|x64
		{B5E8FEEA-B0EB-4BB6-973B-3BD3EF779985}.Release|x64.Build.0 = Release|x64
		{B5E8FEEA-B0EB-4BB6-973B-3BD3EF779985}.Release|x86.ActiveCfg = Release|Win32
		{B5E8FEEA-B0EB-4BB6-973B-3BD3EF779985}.Release|x86.Build.0 = Release|Win32
		{9CC6024F-6DE7-4AE6-8B42-7EDFF09F27A9}.Debug|x64.ActiveCfg = Debug|x64
		{9CC6024F-6DE7-4AE6-8B42-7EDFF09F27A9}.Debug|x64.Build.0 = Debug|x64
		{9CC6024F-6DE7-4AE6-8B42-7EDFF09F27A9}.Debug|x86.ActiveCfg = Debug|Win32
		{9CC6024F-6DE7-4AE6-8B42-7EDFF09F27A9}.Debug|x86.Build.0 = Debug|Win32
		{9CC6024F-6DE7-4AE6-8B42-7EDFF09F27A9}.Release|x64.ActiveCfg = Release|x64
		{9CC6024F-6DE7-4AE6-8B42-7EDFF09F27A9}.Release|x64.Build.0 = Release|x64
		{9CC6024F-6DE7-4AE6-8B42-7EDFF09F27A9}.Release|x86.ActiveCfg = Release|Win32
		{9CC6024F-6DE7-4AE6-8B42-7EDFF09F27A9}.Release|x86.Build.0 = Release|Win32
	EndGlobalSection
	GlobalSection(SolutionProperties) = preSolution
		HideSolutionNode = FALSE
	EndGlobalSection
	GlobalSection(ExtensibilityGlobals) = postSolution
		SolutionGuid = {5130A796-0100-40DA-B4EE-F7CE7B7A08AC}
	EndGlobalSection
EndGlobal
